
Microsoft Visual Studio Solution File, Format Version 12.00
# Visual Studio Version 17
VisualStudioVersion = 17.8.34408.163
MinimumVisualStudioVersion = 10.0.40219.1
Project("{9A19103F-16F7-4668-BE54-9A1E7A4F7556}") = "Blasphemous.Randomizer.Multiworld", "Blasphemous.Randomizer.Multiworld\Blasphemous.Randomizer.Multiworld.csproj", "{D2878996-992F-49A6-8612-6AB3B18D375D}"
EndProject
Project("{FAE04EC0-301F-11D3-BF4B-00C04F79EFBC}") = "ArchipelagoUtility", "ArchipelagoUtility\ArchipelagoUtility.csproj", "{133B26C3-DAB8-49B2-A3BA-36C0D654F213}"
EndProject
Global
	GlobalSection(SolutionConfigurationPlatforms) = preSolution
		Debug|Any CPU = Debug|Any CPU
		Release|Any CPU = Release|Any CPU
	EndGlobalSection
	GlobalSection(ProjectConfigurationPlatforms) = postSolution
		{D2878996-992F-49A6-8612-6AB3B18D375D}.Debug|Any CPU.ActiveCfg = Debug|Any CPU
		{D2878996-992F-49A6-8612-6AB3B18D375D}.Debug|Any CPU.Build.0 = Debug|Any CPU
		{D2878996-992F-49A6-8612-6AB3B18D375D}.Release|Any CPU.ActiveCfg = Release|Any CPU
		{D2878996-992F-49A6-8612-6AB3B18D375D}.Release|Any CPU.Build.0 = Release|Any CPU
		{133B26C3-DAB8-49B2-A3BA-36C0D654F213}.Debug|Any CPU.ActiveCfg = Debug|Any CPU
		{133B26C3-DAB8-49B2-A3BA-36C0D654F213}.Debug|Any CPU.Build.0 = Debug|Any CPU
		{133B26C3-DAB8-49B2-A3BA-36C0D654F213}.Release|Any CPU.ActiveCfg = Release|Any CPU
		{133B26C3-DAB8-49B2-A3BA-36C0D654F213}.Release|Any CPU.Build.0 = Release|Any CPU
	EndGlobalSection
	GlobalSection(SolutionProperties) = preSolution
		HideSolutionNode = FALSE
	EndGlobalSection
	GlobalSection(ExtensibilityGlobals) = postSolution
		SolutionGuid = {F4764644-136A-4C4C-987F-5DE44120D6F5}
	EndGlobalSection
EndGlobal
